
Microsoft Visual Studio Solution File, Format Version 12.00
# Visual Studio Version 16
VisualStudioVersion = 16.0.31019.35
MinimumVisualStudioVersion = 10.0.40219.1
Project("{FAE04EC0-301F-11D3-BF4B-00C04F79EFBC}") = "ClienteJugador", "ClienteJugador\ClienteJugador.csproj", "{A2B90D53-240C-41C9-A5DC-8F36E8F82A3B}"
EndProject
Project("{FAE04EC0-301F-11D3-BF4B-00C04F79EFBC}") = "Servidor", "PedraPapelTisorasTCP\Servidor.csproj", "{22791153-7FAC-48F6-B3BC-A3191DE8B18E}"
EndProject
Project("{9A19103F-16F7-4668-BE54-9A1E7A4F7556}") = "TcpConnectionBiblioteca", "TcpConnectionBiblioteca\TcpConnectionBiblioteca.csproj", "{A9D29BC8-0AC0-4C0E-BE07-CCA47C4014CE}"
EndProject
Project("{2150E333-8FDC-42A3-9474-1A3956D46DE8}") = "README", "README", "{875FCDD5-A3CE-46D3-A843-4BCD0A4C2DF6}"
	ProjectSection(SolutionItems) = preProject
		Recordatorios.txt = Recordatorios.txt
	EndProjectSection
EndProject
Global
	GlobalSection(SolutionConfigurationPlatforms) = preSolution
		Debug|Any CPU = Debug|Any CPU
		Release|Any CPU = Release|Any CPU
	EndGlobalSection
	GlobalSection(ProjectConfigurationPlatforms) = postSolution
		{A2B90D53-240C-41C9-A5DC-8F36E8F82A3B}.Debug|Any CPU.ActiveCfg = Debug|Any CPU
		{A2B90D53-240C-41C9-A5DC-8F36E8F82A3B}.Debug|Any CPU.Build.0 = Debug|Any CPU
		{A2B90D53-240C-41C9-A5DC-8F36E8F82A3B}.Release|Any CPU.ActiveCfg = Release|Any CPU
		{A2B90D53-240C-41C9-A5DC-8F36E8F82A3B}.Release|Any CPU.Build.0 = Release|Any CPU
		{22791153-7FAC-48F6-B3BC-A3191DE8B18E}.Debug|Any CPU.ActiveCfg = Debug|Any CPU
		{22791153-7FAC-48F6-B3BC-A3191DE8B18E}.Debug|Any CPU.Build.0 = Debug|Any CPU
		{22791153-7FAC-48F6-B3BC-A3191DE8B18E}.Release|Any CPU.ActiveCfg = Release|Any CPU
		{22791153-7FAC-48F6-B3BC-A3191DE8B18E}.Release|Any CPU.Build.0 = Release|Any CPU
		{A9D29BC8-0AC0-4C0E-BE07-CCA47C4014CE}.Debug|Any CPU.ActiveCfg = Debug|Any CPU
		{A9D29BC8-0AC0-4C0E-BE07-CCA47C4014CE}.Debug|Any CPU.Build.0 = Debug|Any CPU
		{A9D29BC8-0AC0-4C0E-BE07-CCA47C4014CE}.Release|Any CPU.ActiveCfg = Release|Any CPU
		{A9D29BC8-0AC0-4C0E-BE07-CCA47C4014CE}.Release|Any CPU.Build.0 = Release|Any CPU
	EndGlobalSection
	GlobalSection(SolutionProperties) = preSolution
		HideSolutionNode = FALSE
	EndGlobalSection
	GlobalSection(ExtensibilityGlobals) = postSolution
		SolutionGuid = {2F1461E3-FEB6-44F9-BBB0-5B1CA9E67358}
	EndGlobalSection
EndGlobal
